// !$*UTF8*$!
{
	archiveVersion = 1;
	classes = {
	};
	objectVersion = 50;
	objects = {

/* Begin PBXBuildFile section */
		FEA530D624EC2721003BE19A /* RootRouter.swift in Sources */ = {isa = PBXBuildFile; fileRef = FEA530D124EC2721003BE19A /* RootRouter.swift */; };
		FEA530D724EC2721003BE19A /* RootViewController.swift in Sources */ = {isa = PBXBuildFile; fileRef = FEA530D224EC2721003BE19A /* RootViewController.swift */; };
		FEA530D824EC2721003BE19A /* RootBuilder.swift in Sources */ = {isa = PBXBuildFile; fileRef = FEA530D324EC2721003BE19A /* RootBuilder.swift */; };
		FEA530D924EC2721003BE19A /* RootInteractor.swift in Sources */ = {isa = PBXBuildFile; fileRef = FEA530D424EC2721003BE19A /* RootInteractor.swift */; };
		FEA530DA24EC2721003BE19A /* RootViewController.xib in Resources */ = {isa = PBXBuildFile; fileRef = FEA530D524EC2721003BE19A /* RootViewController.xib */; };
		FEA530F024EC2C83003BE19A /* EurekaViewController.swift in Sources */ = {isa = PBXBuildFile; fileRef = FEA530EF24EC2C83003BE19A /* EurekaViewController.swift */; };
		FEA530F724EC31A3003BE19A /* RxCocoa.framework in Frameworks */ = {isa = PBXBuildFile; fileRef = FEA5309D24EC203A003BE19A /* RxCocoa.framework */; };
		FEA530F824EC31A3003BE19A /* RxCocoa.framework in Embed Frameworks */ = {isa = PBXBuildFile; fileRef = FEA5309D24EC203A003BE19A /* RxCocoa.framework */; settings = {ATTRIBUTES = (CodeSignOnCopy, RemoveHeadersOnCopy, ); }; };
		FEA530F924EC31A3003BE19A /* RxRelay.framework in Frameworks */ = {isa = PBXBuildFile; fileRef = FEA5309E24EC203A003BE19A /* RxRelay.framework */; };
		FEA530FA24EC31A3003BE19A /* RxRelay.framework in Embed Frameworks */ = {isa = PBXBuildFile; fileRef = FEA5309E24EC203A003BE19A /* RxRelay.framework */; settings = {ATTRIBUTES = (CodeSignOnCopy, RemoveHeadersOnCopy, ); }; };
		FEA530FB24EC31A3003BE19A /* RxSwift.framework in Frameworks */ = {isa = PBXBuildFile; fileRef = FEA5309F24EC203A003BE19A /* RxSwift.framework */; };
		FEA530FC24EC31A3003BE19A /* RxSwift.framework in Embed Frameworks */ = {isa = PBXBuildFile; fileRef = FEA5309F24EC203A003BE19A /* RxSwift.framework */; settings = {ATTRIBUTES = (CodeSignOnCopy, RemoveHeadersOnCopy, ); }; };
		FEA530FD24EC31A3003BE19A /* RxTest.framework in Frameworks */ = {isa = PBXBuildFile; fileRef = FEA530A024EC203A003BE19A /* RxTest.framework */; };
		FEA530FE24EC31A3003BE19A /* RxTest.framework in Embed Frameworks */ = {isa = PBXBuildFile; fileRef = FEA530A024EC203A003BE19A /* RxTest.framework */; settings = {ATTRIBUTES = (CodeSignOnCopy, RemoveHeadersOnCopy, ); }; };
		FEB8232024EAD9E5008FEDB6 /* AppDelegate.swift in Sources */ = {isa = PBXBuildFile; fileRef = FEB8231F24EAD9E5008FEDB6 /* AppDelegate.swift */; };
		FEB8232224EAD9E5008FEDB6 /* SceneDelegate.swift in Sources */ = {isa = PBXBuildFile; fileRef = FEB8232124EAD9E5008FEDB6 /* SceneDelegate.swift */; };
		FEB8232424EAD9E5008FEDB6 /* ViewController.swift in Sources */ = {isa = PBXBuildFile; fileRef = FEB8232324EAD9E5008FEDB6 /* ViewController.swift */; };
		FEB8232724EAD9E5008FEDB6 /* Main.storyboard in Resources */ = {isa = PBXBuildFile; fileRef = FEB8232524EAD9E5008FEDB6 /* Main.storyboard */; };
		FEB8232924EAD9E7008FEDB6 /* Assets.xcassets in Resources */ = {isa = PBXBuildFile; fileRef = FEB8232824EAD9E7008FEDB6 /* Assets.xcassets */; };
		FEB8232C24EAD9E7008FEDB6 /* LaunchScreen.storyboard in Resources */ = {isa = PBXBuildFile; fileRef = FEB8232A24EAD9E7008FEDB6 /* LaunchScreen.storyboard */; };
		FEB8233724EAD9E7008FEDB6 /* ios_learningTests.swift in Sources */ = {isa = PBXBuildFile; fileRef = FEB8233624EAD9E7008FEDB6 /* ios_learningTests.swift */; };
		FEB8234224EAD9E7008FEDB6 /* ios_learningUITests.swift in Sources */ = {isa = PBXBuildFile; fileRef = FEB8234124EAD9E7008FEDB6 /* ios_learningUITests.swift */; };
/* End PBXBuildFile section */

/* Begin PBXContainerItemProxy section */
		FEB8233324EAD9E7008FEDB6 /* PBXContainerItemProxy */ = {
			isa = PBXContainerItemProxy;
			containerPortal = FEB8231424EAD9E5008FEDB6 /* Project object */;
			proxyType = 1;
			remoteGlobalIDString = FEB8231B24EAD9E5008FEDB6;
			remoteInfo = ios_learning;
		};
		FEB8233E24EAD9E7008FEDB6 /* PBXContainerItemProxy */ = {
			isa = PBXContainerItemProxy;
			containerPortal = FEB8231424EAD9E5008FEDB6 /* Project object */;
			proxyType = 1;
			remoteGlobalIDString = FEB8231B24EAD9E5008FEDB6;
			remoteInfo = ios_learning;
		};
/* End PBXContainerItemProxy section */

/* Begin PBXCopyFilesBuildPhase section */
		FEA530FF24EC31A3003BE19A /* Embed Frameworks */ = {
			isa = PBXCopyFilesBuildPhase;
			buildActionMask = 2147483647;
			dstPath = "";
			dstSubfolderSpec = 10;
			files = (
				FEA530FE24EC31A3003BE19A /* RxTest.framework in Embed Frameworks */,
				FEA530F824EC31A3003BE19A /* RxCocoa.framework in Embed Frameworks */,
				FEA530FC24EC31A3003BE19A /* RxSwift.framework in Embed Frameworks */,
				FEA530FA24EC31A3003BE19A /* RxRelay.framework in Embed Frameworks */,
			);
			name = "Embed Frameworks";
			runOnlyForDeploymentPostprocessing = 0;
		};
/* End PBXCopyFilesBuildPhase section */

/* Begin PBXFileReference section */
		FEA5309924EC140E003BE19A /* Eureka.framework */ = {isa = PBXFileReference; lastKnownFileType = wrapper.framework; name = Eureka.framework; path = Carthage/Build/iOS/Eureka.framework; sourceTree = "<group>"; };
		FEA5309C24EC203A003BE19A /* RxBlocking.framework */ = {isa = PBXFileReference; lastKnownFileType = wrapper.framework; name = RxBlocking.framework; path = Carthage/Build/iOS/RxBlocking.framework; sourceTree = "<group>"; };
		FEA5309D24EC203A003BE19A /* RxCocoa.framework */ = {isa = PBXFileReference; lastKnownFileType = wrapper.framework; name = RxCocoa.framework; path = Carthage/Build/iOS/RxCocoa.framework; sourceTree = "<group>"; };
		FEA5309E24EC203A003BE19A /* RxRelay.framework */ = {isa = PBXFileReference; lastKnownFileType = wrapper.framework; name = RxRelay.framework; path = Carthage/Build/iOS/RxRelay.framework; sourceTree = "<group>"; };
		FEA5309F24EC203A003BE19A /* RxSwift.framework */ = {isa = PBXFileReference; lastKnownFileType = wrapper.framework; name = RxSwift.framework; path = Carthage/Build/iOS/RxSwift.framework; sourceTree = "<group>"; };
		FEA530A024EC203A003BE19A /* RxTest.framework */ = {isa = PBXFileReference; lastKnownFileType = wrapper.framework; name = RxTest.framework; path = Carthage/Build/iOS/RxTest.framework; sourceTree = "<group>"; };
		FEA530A124EC203A003BE19A /* RIBs.framework */ = {isa = PBXFileReference; lastKnownFileType = wrapper.framework; name = RIBs.framework; path = Carthage/Build/iOS/RIBs.framework; sourceTree = "<group>"; };
		FEA530D124EC2721003BE19A /* RootRouter.swift */ = {isa = PBXFileReference; lastKnownFileType = sourcecode.swift; path = RootRouter.swift; sourceTree = "<group>"; };
		FEA530D224EC2721003BE19A /* RootViewController.swift */ = {isa = PBXFileReference; lastKnownFileType = sourcecode.swift; path = RootViewController.swift; sourceTree = "<group>"; };
		FEA530D324EC2721003BE19A /* RootBuilder.swift */ = {isa = PBXFileReference; lastKnownFileType = sourcecode.swift; path = RootBuilder.swift; sourceTree = "<group>"; };
		FEA530D424EC2721003BE19A /* RootInteractor.swift */ = {isa = PBXFileReference; lastKnownFileType = sourcecode.swift; path = RootInteractor.swift; sourceTree = "<group>"; };
		FEA530D524EC2721003BE19A /* RootViewController.xib */ = {isa = PBXFileReference; lastKnownFileType = file.xib; path = RootViewController.xib; sourceTree = "<group>"; };
		FEA530EF24EC2C83003BE19A /* EurekaViewController.swift */ = {isa = PBXFileReference; lastKnownFileType = sourcecode.swift; path = EurekaViewController.swift; sourceTree = "<group>"; };
		FEB8231C24EAD9E5008FEDB6 /* ios_learning.app */ = {isa = PBXFileReference; explicitFileType = wrapper.application; includeInIndex = 0; path = ios_learning.app; sourceTree = BUILT_PRODUCTS_DIR; };
		FEB8231F24EAD9E5008FEDB6 /* AppDelegate.swift */ = {isa = PBXFileReference; lastKnownFileType = sourcecode.swift; path = AppDelegate.swift; sourceTree = "<group>"; };
		FEB8232124EAD9E5008FEDB6 /* SceneDelegate.swift */ = {isa = PBXFileReference; lastKnownFileType = sourcecode.swift; path = SceneDelegate.swift; sourceTree = "<group>"; };
		FEB8232324EAD9E5008FEDB6 /* ViewController.swift */ = {isa = PBXFileReference; lastKnownFileType = sourcecode.swift; path = ViewController.swift; sourceTree = "<group>"; };
		FEB8232624EAD9E5008FEDB6 /* Base */ = {isa = PBXFileReference; lastKnownFileType = file.storyboard; name = Base; path = Base.lproj/Main.storyboard; sourceTree = "<group>"; };
		FEB8232824EAD9E7008FEDB6 /* Assets.xcassets */ = {isa = PBXFileReference; lastKnownFileType = folder.assetcatalog; path = Assets.xcassets; sourceTree = "<group>"; };
		FEB8232B24EAD9E7008FEDB6 /* Base */ = {isa = PBXFileReference; lastKnownFileType = file.storyboard; name = Base; path = Base.lproj/LaunchScreen.storyboard; sourceTree = "<group>"; };
		FEB8232D24EAD9E7008FEDB6 /* Info.plist */ = {isa = PBXFileReference; lastKnownFileType = text.plist.xml; path = Info.plist; sourceTree = "<group>"; };
		FEB8233224EAD9E7008FEDB6 /* ios_learningTests.xctest */ = {isa = PBXFileReference; explicitFileType = wrapper.cfbundle; includeInIndex = 0; path = ios_learningTests.xctest; sourceTree = BUILT_PRODUCTS_DIR; };
		FEB8233624EAD9E7008FEDB6 /* ios_learningTests.swift */ = {isa = PBXFileReference; lastKnownFileType = sourcecode.swift; path = ios_learningTests.swift; sourceTree = "<group>"; };
		FEB8233824EAD9E7008FEDB6 /* Info.plist */ = {isa = PBXFileReference; lastKnownFileType = text.plist.xml; path = Info.plist; sourceTree = "<group>"; };
		FEB8233D24EAD9E7008FEDB6 /* ios_learningUITests.xctest */ = {isa = PBXFileReference; explicitFileType = wrapper.cfbundle; includeInIndex = 0; path = ios_learningUITests.xctest; sourceTree = BUILT_PRODUCTS_DIR; };
		FEB8234124EAD9E7008FEDB6 /* ios_learningUITests.swift */ = {isa = PBXFileReference; lastKnownFileType = sourcecode.swift; path = ios_learningUITests.swift; sourceTree = "<group>"; };
		FEB8234324EAD9E7008FEDB6 /* Info.plist */ = {isa = PBXFileReference; lastKnownFileType = text.plist.xml; path = Info.plist; sourceTree = "<group>"; };
/* End PBXFileReference section */

/* Begin PBXFrameworksBuildPhase section */
		FEB8231924EAD9E5008FEDB6 /* Frameworks */ = {
			isa = PBXFrameworksBuildPhase;
			buildActionMask = 2147483647;
			files = (
				FEA530FD24EC31A3003BE19A /* RxTest.framework in Frameworks */,
				FEA530F724EC31A3003BE19A /* RxCocoa.framework in Frameworks */,
				FEA530FB24EC31A3003BE19A /* RxSwift.framework in Frameworks */,
				FEA530F924EC31A3003BE19A /* RxRelay.framework in Frameworks */,
			);
			runOnlyForDeploymentPostprocessing = 0;
		};
		FEB8232F24EAD9E7008FEDB6 /* Frameworks */ = {
			isa = PBXFrameworksBuildPhase;
			buildActionMask = 2147483647;
			files = (
			);
			runOnlyForDeploymentPostprocessing = 0;
		};
		FEB8233A24EAD9E7008FEDB6 /* Frameworks */ = {
			isa = PBXFrameworksBuildPhase;
			buildActionMask = 2147483647;
			files = (
			);
			runOnlyForDeploymentPostprocessing = 0;
		};
/* End PBXFrameworksBuildPhase section */

/* Begin PBXGroup section */
		FE03E75724EAE44C00E69FE8 /* RIBs */ = {
			isa = PBXGroup;
			children = (
				FEA530B224EC2093003BE19A /* Root */,
			);
			path = RIBs;
			sourceTree = "<group>";
		};
		FEA5309824EC140E003BE19A /* Frameworks */ = {
			isa = PBXGroup;
			children = (
				FEA530A124EC203A003BE19A /* RIBs.framework */,
				FEA5309C24EC203A003BE19A /* RxBlocking.framework */,
				FEA5309D24EC203A003BE19A /* RxCocoa.framework */,
				FEA5309E24EC203A003BE19A /* RxRelay.framework */,
				FEA5309F24EC203A003BE19A /* RxSwift.framework */,
				FEA530A024EC203A003BE19A /* RxTest.framework */,
				FEA5309924EC140E003BE19A /* Eureka.framework */,
			);
			name = Frameworks;
			sourceTree = "<group>";
		};
		FEA5309B24EC177D003BE19A /* Eureka */ = {
			isa = PBXGroup;
			children = (
				FEA530EF24EC2C83003BE19A /* EurekaViewController.swift */,
			);
			path = Eureka;
			sourceTree = "<group>";
		};
		FEA530B224EC2093003BE19A /* Root */ = {
			isa = PBXGroup;
			children = (
				FEA530D124EC2721003BE19A /* RootRouter.swift */,
				FEA530D224EC2721003BE19A /* RootViewController.swift */,
				FEA530D324EC2721003BE19A /* RootBuilder.swift */,
				FEA530D424EC2721003BE19A /* RootInteractor.swift */,
				FEA530D524EC2721003BE19A /* RootViewController.xib */,
			);
			path = Root;
			sourceTree = "<group>";
		};
		FEB8231324EAD9E5008FEDB6 = {
			isa = PBXGroup;
			children = (
				FEB8231E24EAD9E5008FEDB6 /* ios_learning */,
				FEB8233524EAD9E7008FEDB6 /* ios_learningTests */,
				FEB8234024EAD9E7008FEDB6 /* ios_learningUITests */,
				FEB8231D24EAD9E5008FEDB6 /* Products */,
				FEA5309824EC140E003BE19A /* Frameworks */,
			);
			sourceTree = "<group>";
		};
		FEB8231D24EAD9E5008FEDB6 /* Products */ = {
			isa = PBXGroup;
			children = (
				FEB8231C24EAD9E5008FEDB6 /* ios_learning.app */,
				FEB8233224EAD9E7008FEDB6 /* ios_learningTests.xctest */,
				FEB8233D24EAD9E7008FEDB6 /* ios_learningUITests.xctest */,
			);
			name = Products;
			sourceTree = "<group>";
		};
		FEB8231E24EAD9E5008FEDB6 /* ios_learning */ = {
			isa = PBXGroup;
			children = (
				FEA5309B24EC177D003BE19A /* Eureka */,
				FE03E75724EAE44C00E69FE8 /* RIBs */,
				FEB8231F24EAD9E5008FEDB6 /* AppDelegate.swift */,
				FEB8232124EAD9E5008FEDB6 /* SceneDelegate.swift */,
				FEB8232324EAD9E5008FEDB6 /* ViewController.swift */,
				FEB8232524EAD9E5008FEDB6 /* Main.storyboard */,
				FEB8232824EAD9E7008FEDB6 /* Assets.xcassets */,
				FEB8232A24EAD9E7008FEDB6 /* LaunchScreen.storyboard */,
				FEB8232D24EAD9E7008FEDB6 /* Info.plist */,
			);
			path = ios_learning;
			sourceTree = "<group>";
		};
		FEB8233524EAD9E7008FEDB6 /* ios_learningTests */ = {
			isa = PBXGroup;
			children = (
				FEB8233624EAD9E7008FEDB6 /* ios_learningTests.swift */,
				FEB8233824EAD9E7008FEDB6 /* Info.plist */,
			);
			path = ios_learningTests;
			sourceTree = "<group>";
		};
		FEB8234024EAD9E7008FEDB6 /* ios_learningUITests */ = {
			isa = PBXGroup;
			children = (
				FEB8234124EAD9E7008FEDB6 /* ios_learningUITests.swift */,
				FEB8234324EAD9E7008FEDB6 /* Info.plist */,
			);
			path = ios_learningUITests;
			sourceTree = "<group>";
		};
/* End PBXGroup section */

/* Begin PBXNativeTarget section */
		FEB8231B24EAD9E5008FEDB6 /* ios_learning */ = {
			isa = PBXNativeTarget;
			buildConfigurationList = FEB8234624EAD9E7008FEDB6 /* Build configuration list for PBXNativeTarget "ios_learning" */;
			buildPhases = (
				FEB8231824EAD9E5008FEDB6 /* Sources */,
				FEB8231924EAD9E5008FEDB6 /* Frameworks */,
				FEB8231A24EAD9E5008FEDB6 /* Resources */,
				FEA530FF24EC31A3003BE19A /* Embed Frameworks */,
			);
			buildRules = (
			);
			dependencies = (
			);
			name = ios_learning;
			productName = ios_learning;
			productReference = FEB8231C24EAD9E5008FEDB6 /* ios_learning.app */;
			productType = "com.apple.product-type.application";
		};
		FEB8233124EAD9E7008FEDB6 /* ios_learningTests */ = {
			isa = PBXNativeTarget;
			buildConfigurationList = FEB8234924EAD9E7008FEDB6 /* Build configuration list for PBXNativeTarget "ios_learningTests" */;
			buildPhases = (
				FEB8232E24EAD9E7008FEDB6 /* Sources */,
				FEB8232F24EAD9E7008FEDB6 /* Frameworks */,
				FEB8233024EAD9E7008FEDB6 /* Resources */,
			);
			buildRules = (
			);
			dependencies = (
				FEB8233424EAD9E7008FEDB6 /* PBXTargetDependency */,
			);
			name = ios_learningTests;
			productName = ios_learningTests;
			productReference = FEB8233224EAD9E7008FEDB6 /* ios_learningTests.xctest */;
			productType = "com.apple.product-type.bundle.unit-test";
		};
		FEB8233C24EAD9E7008FEDB6 /* ios_learningUITests */ = {
			isa = PBXNativeTarget;
			buildConfigurationList = FEB8234C24EAD9E7008FEDB6 /* Build configuration list for PBXNativeTarget "ios_learningUITests" */;
			buildPhases = (
				FEB8233924EAD9E7008FEDB6 /* Sources */,
				FEB8233A24EAD9E7008FEDB6 /* Frameworks */,
				FEB8233B24EAD9E7008FEDB6 /* Resources */,
			);
			buildRules = (
			);
			dependencies = (
				FEB8233F24EAD9E7008FEDB6 /* PBXTargetDependency */,
			);
			name = ios_learningUITests;
			productName = ios_learningUITests;
			productReference = FEB8233D24EAD9E7008FEDB6 /* ios_learningUITests.xctest */;
			productType = "com.apple.product-type.bundle.ui-testing";
		};
/* End PBXNativeTarget section */

/* Begin PBXProject section */
		FEB8231424EAD9E5008FEDB6 /* Project object */ = {
			isa = PBXProject;
			attributes = {
				LastSwiftUpdateCheck = 1160;
				LastUpgradeCheck = 1160;
				ORGANIZATIONNAME = "Thanh Long";
				TargetAttributes = {
					FEB8231B24EAD9E5008FEDB6 = {
						CreatedOnToolsVersion = 11.6;
					};
					FEB8233124EAD9E7008FEDB6 = {
						CreatedOnToolsVersion = 11.6;
						TestTargetID = FEB8231B24EAD9E5008FEDB6;
					};
					FEB8233C24EAD9E7008FEDB6 = {
						CreatedOnToolsVersion = 11.6;
						TestTargetID = FEB8231B24EAD9E5008FEDB6;
					};
				};
			};
			buildConfigurationList = FEB8231724EAD9E5008FEDB6 /* Build configuration list for PBXProject "ios_learning" */;
			compatibilityVersion = "Xcode 9.3";
			developmentRegion = en;
			hasScannedForEncodings = 0;
			knownRegions = (
				en,
				Base,
			);
			mainGroup = FEB8231324EAD9E5008FEDB6;
			productRefGroup = FEB8231D24EAD9E5008FEDB6 /* Products */;
			projectDirPath = "";
			projectRoot = "";
			targets = (
				FEB8231B24EAD9E5008FEDB6 /* ios_learning */,
				FEB8233124EAD9E7008FEDB6 /* ios_learningTests */,
				FEB8233C24EAD9E7008FEDB6 /* ios_learningUITests */,
			);
		};
/* End PBXProject section */

/* Begin PBXResourcesBuildPhase section */
		FEB8231A24EAD9E5008FEDB6 /* Resources */ = {
			isa = PBXResourcesBuildPhase;
			buildActionMask = 2147483647;
			files = (
				FEB8232C24EAD9E7008FEDB6 /* LaunchScreen.storyboard in Resources */,
				FEB8232924EAD9E7008FEDB6 /* Assets.xcassets in Resources */,
				FEA530DA24EC2721003BE19A /* RootViewController.xib in Resources */,
				FEB8232724EAD9E5008FEDB6 /* Main.storyboard in Resources */,
			);
			runOnlyForDeploymentPostprocessing = 0;
		};
		FEB8233024EAD9E7008FEDB6 /* Resources */ = {
			isa = PBXResourcesBuildPhase;
			buildActionMask = 2147483647;
			files = (
			);
			runOnlyForDeploymentPostprocessing = 0;
		};
		FEB8233B24EAD9E7008FEDB6 /* Resources */ = {
			isa = PBXResourcesBuildPhase;
			buildActionMask = 2147483647;
			files = (
			);
			runOnlyForDeploymentPostprocessing = 0;
		};
/* End PBXResourcesBuildPhase section */

/* Begin PBXSourcesBuildPhase section */
		FEB8231824EAD9E5008FEDB6 /* Sources */ = {
			isa = PBXSourcesBuildPhase;
			buildActionMask = 2147483647;
			files = (
				FEA530D724EC2721003BE19A /* RootViewController.swift in Sources */,
				FEA530F024EC2C83003BE19A /* EurekaViewController.swift in Sources */,
				FEA530D624EC2721003BE19A /* RootRouter.swift in Sources */,
				FEA530D924EC2721003BE19A /* RootInteractor.swift in Sources */,
				FEB8232424EAD9E5008FEDB6 /* ViewController.swift in Sources */,
				FEB8232024EAD9E5008FEDB6 /* AppDelegate.swift in Sources */,
				FEB8232224EAD9E5008FEDB6 /* SceneDelegate.swift in Sources */,
				FEA530D824EC2721003BE19A /* RootBuilder.swift in Sources */,
			);
			runOnlyForDeploymentPostprocessing = 0;
		};
		FEB8232E24EAD9E7008FEDB6 /* Sources */ = {
			isa = PBXSourcesBuildPhase;
			buildActionMask = 2147483647;
			files = (
				FEB8233724EAD9E7008FEDB6 /* ios_learningTests.swift in Sources */,
			);
			runOnlyForDeploymentPostprocessing = 0;
		};
		FEB8233924EAD9E7008FEDB6 /* Sources */ = {
			isa = PBXSourcesBuildPhase;
			buildActionMask = 2147483647;
			files = (
				FEB8234224EAD9E7008FEDB6 /* ios_learningUITests.swift in Sources */,
			);
			runOnlyForDeploymentPostprocessing = 0;
		};
/* End PBXSourcesBuildPhase section */

/* Begin PBXTargetDependency section */
		FEB8233424EAD9E7008FEDB6 /* PBXTargetDependency */ = {
			isa = PBXTargetDependency;
			target = FEB8231B24EAD9E5008FEDB6 /* ios_learning */;
			targetProxy = FEB8233324EAD9E7008FEDB6 /* PBXContainerItemProxy */;
		};
		FEB8233F24EAD9E7008FEDB6 /* PBXTargetDependency */ = {
			isa = PBXTargetDependency;
			target = FEB8231B24EAD9E5008FEDB6 /* ios_learning */;
			targetProxy = FEB8233E24EAD9E7008FEDB6 /* PBXContainerItemProxy */;
		};
/* End PBXTargetDependency section */

/* Begin PBXVariantGroup section */
		FEB8232524EAD9E5008FEDB6 /* Main.storyboard */ = {
			isa = PBXVariantGroup;
			children = (
				FEB8232624EAD9E5008FEDB6 /* Base */,
			);
			name = Main.storyboard;
			sourceTree = "<group>";
		};
		FEB8232A24EAD9E7008FEDB6 /* LaunchScreen.storyboard */ = {
			isa = PBXVariantGroup;
			children = (
				FEB8232B24EAD9E7008FEDB6 /* Base */,
			);
			name = LaunchScreen.storyboard;
			sourceTree = "<group>";
		};
/* End PBXVariantGroup section */

/* Begin XCBuildConfiguration section */
		FEB8234424EAD9E7008FEDB6 /* Debug */ = {
			isa = XCBuildConfiguration;
			buildSettings = {
				ALWAYS_SEARCH_USER_PATHS = NO;
				CLANG_ANALYZER_NONNULL = YES;
				CLANG_ANALYZER_NUMBER_OBJECT_CONVERSION = YES_AGGRESSIVE;
				CLANG_CXX_LANGUAGE_STANDARD = "gnu++14";
				CLANG_CXX_LIBRARY = "libc++";
				CLANG_ENABLE_MODULES = YES;
				CLANG_ENABLE_OBJC_ARC = YES;
				CLANG_ENABLE_OBJC_WEAK = YES;
				CLANG_WARN_BLOCK_CAPTURE_AUTORELEASING = YES;
				CLANG_WARN_BOOL_CONVERSION = YES;
				CLANG_WARN_COMMA = YES;
				CLANG_WARN_CONSTANT_CONVERSION = YES;
				CLANG_WARN_DEPRECATED_OBJC_IMPLEMENTATIONS = YES;
				CLANG_WARN_DIRECT_OBJC_ISA_USAGE = YES_ERROR;
				CLANG_WARN_DOCUMENTATION_COMMENTS = YES;
				CLANG_WARN_EMPTY_BODY = YES;
				CLANG_WARN_ENUM_CONVERSION = YES;
				CLANG_WARN_INFINITE_RECURSION = YES;
				CLANG_WARN_INT_CONVERSION = YES;
				CLANG_WARN_NON_LITERAL_NULL_CONVERSION = YES;
				CLANG_WARN_OBJC_IMPLICIT_RETAIN_SELF = YES;
				CLANG_WARN_OBJC_LITERAL_CONVERSION = YES;
				CLANG_WARN_OBJC_ROOT_CLASS = YES_ERROR;
				CLANG_WARN_RANGE_LOOP_ANALYSIS = YES;
				CLANG_WARN_STRICT_PROTOTYPES = YES;
				CLANG_WARN_SUSPICIOUS_MOVE = YES;
				CLANG_WARN_UNGUARDED_AVAILABILITY = YES_AGGRESSIVE;
				CLANG_WARN_UNREACHABLE_CODE = YES;
				CLANG_WARN__DUPLICATE_METHOD_MATCH = YES;
				COPY_PHASE_STRIP = NO;
				DEBUG_INFORMATION_FORMAT = dwarf;
				ENABLE_STRICT_OBJC_MSGSEND = YES;
				ENABLE_TESTABILITY = YES;
				GCC_C_LANGUAGE_STANDARD = gnu11;
				GCC_DYNAMIC_NO_PIC = NO;
				GCC_NO_COMMON_BLOCKS = YES;
				GCC_OPTIMIZATION_LEVEL = 0;
				GCC_PREPROCESSOR_DEFINITIONS = (
					"DEBUG=1",
					"$(inherited)",
				);
				GCC_WARN_64_TO_32_BIT_CONVERSION = YES;
				GCC_WARN_ABOUT_RETURN_TYPE = YES_ERROR;
				GCC_WARN_UNDECLARED_SELECTOR = YES;
				GCC_WARN_UNINITIALIZED_AUTOS = YES_AGGRESSIVE;
				GCC_WARN_UNUSED_FUNCTION = YES;
				GCC_WARN_UNUSED_VARIABLE = YES;
				IPHONEOS_DEPLOYMENT_TARGET = 13.6;
				MTL_ENABLE_DEBUG_INFO = INCLUDE_SOURCE;
				MTL_FAST_MATH = YES;
				ONLY_ACTIVE_ARCH = YES;
				SDKROOT = iphoneos;
				SWIFT_ACTIVE_COMPILATION_CONDITIONS = DEBUG;
				SWIFT_OPTIMIZATION_LEVEL = "-Onone";
			};
			name = Debug;
		};
		FEB8234524EAD9E7008FEDB6 /* Release */ = {
			isa = XCBuildConfiguration;
			buildSettings = {
				ALWAYS_SEARCH_USER_PATHS = NO;
				CLANG_ANALYZER_NONNULL = YES;
				CLANG_ANALYZER_NUMBER_OBJECT_CONVERSION = YES_AGGRESSIVE;
				CLANG_CXX_LANGUAGE_STANDARD = "gnu++14";
				CLANG_CXX_LIBRARY = "libc++";
				CLANG_ENABLE_MODULES = YES;
				CLANG_ENABLE_OBJC_ARC = YES;
				CLANG_ENABLE_OBJC_WEAK = YES;
				CLANG_WARN_BLOCK_CAPTURE_AUTORELEASING = YES;
				CLANG_WARN_BOOL_CONVERSION = YES;
				CLANG_WARN_COMMA = YES;
				CLANG_WARN_CONSTANT_CONVERSION = YES;
				CLANG_WARN_DEPRECATED_OBJC_IMPLEMENTATIONS = YES;
				CLANG_WARN_DIRECT_OBJC_ISA_USAGE = YES_ERROR;
				CLANG_WARN_DOCUMENTATION_COMMENTS = YES;
				CLANG_WARN_EMPTY_BODY = YES;
				CLANG_WARN_ENUM_CONVERSION = YES;
				CLANG_WARN_INFINITE_RECURSION = YES;
				CLANG_WARN_INT_CONVERSION = YES;
				CLANG_WARN_NON_LITERAL_NULL_CONVERSION = YES;
				CLANG_WARN_OBJC_IMPLICIT_RETAIN_SELF = YES;
				CLANG_WARN_OBJC_LITERAL_CONVERSION = YES;
				CLANG_WARN_OBJC_ROOT_CLASS = YES_ERROR;
				CLANG_WARN_RANGE_LOOP_ANALYSIS = YES;
				CLANG_WARN_STRICT_PROTOTYPES = YES;
				CLANG_WARN_SUSPICIOUS_MOVE = YES;
				CLANG_WARN_UNGUARDED_AVAILABILITY = YES_AGGRESSIVE;
				CLANG_WARN_UNREACHABLE_CODE = YES;
				CLANG_WARN__DUPLICATE_METHOD_MATCH = YES;
				COPY_PHASE_STRIP = NO;
				DEBUG_INFORMATION_FORMAT = "dwarf-with-dsym";
				ENABLE_NS_ASSERTIONS = NO;
				ENABLE_STRICT_OBJC_MSGSEND = YES;
				GCC_C_LANGUAGE_STANDARD = gnu11;
				GCC_NO_COMMON_BLOCKS = YES;
				GCC_WARN_64_TO_32_BIT_CONVERSION = YES;
				GCC_WARN_ABOUT_RETURN_TYPE = YES_ERROR;
				GCC_WARN_UNDECLARED_SELECTOR = YES;
				GCC_WARN_UNINITIALIZED_AUTOS = YES_AGGRESSIVE;
				GCC_WARN_UNUSED_FUNCTION = YES;
				GCC_WARN_UNUSED_VARIABLE = YES;
				IPHONEOS_DEPLOYMENT_TARGET = 13.6;
				MTL_ENABLE_DEBUG_INFO = NO;
				MTL_FAST_MATH = YES;
				SDKROOT = iphoneos;
				SWIFT_COMPILATION_MODE = wholemodule;
				SWIFT_OPTIMIZATION_LEVEL = "-O";
				VALIDATE_PRODUCT = YES;
			};
			name = Release;
		};
		FEB8234724EAD9E7008FEDB6 /* Debug */ = {
			isa = XCBuildConfiguration;
			buildSettings = {
				ASSETCATALOG_COMPILER_APPICON_NAME = AppIcon;
				CODE_SIGN_STYLE = Automatic;
				FRAMEWORK_SEARCH_PATHS = (
					"$(inherited)",
					"$(PROJECT_DIR)/Carthage/Build/iOS",
				);
				INFOPLIST_FILE = ios_learning/Info.plist;
				LD_RUNPATH_SEARCH_PATHS = (
					"$(inherited)",
					"@executable_path/Frameworks",
				);
				PRODUCT_BUNDLE_IDENTIFIER = "longht.021189.ios-learning";
				PRODUCT_NAME = "$(TARGET_NAME)";
				SWIFT_VERSION = 5.0;
				TARGETED_DEVICE_FAMILY = "1,2";
			};
			name = Debug;
		};
		FEB8234824EAD9E7008FEDB6 /* Release */ = {
			isa = XCBuildConfiguration;
			buildSettings = {
				ASSETCATALOG_COMPILER_APPICON_NAME = AppIcon;
				CODE_SIGN_STYLE = Automatic;
				FRAMEWORK_SEARCH_PATHS = (
					"$(inherited)",
					"$(PROJECT_DIR)/Carthage/Build/iOS",
				);
				INFOPLIST_FILE = ios_learning/Info.plist;
				LD_RUNPATH_SEARCH_PATHS = (
					"$(inherited)",
					"@executable_path/Frameworks",
				);
				PRODUCT_BUNDLE_IDENTIFIER = "longht.021189.ios-learning";
				PRODUCT_NAME = "$(TARGET_NAME)";
				SWIFT_VERSION = 5.0;
				TARGETED_DEVICE_FAMILY = "1,2";
			};
			name = Release;
		};
		FEB8234A24EAD9E7008FEDB6 /* Debug */ = {
			isa = XCBuildConfiguration;
			buildSettings = {
				ALWAYS_EMBED_SWIFT_STANDARD_LIBRARIES = YES;
				BUNDLE_LOADER = "$(TEST_HOST)";
				CODE_SIGN_STYLE = Automatic;
				INFOPLIST_FILE = ios_learningTests/Info.plist;
				IPHONEOS_DEPLOYMENT_TARGET = 13.6;
				LD_RUNPATH_SEARCH_PATHS = (
					"$(inherited)",
					"@executable_path/Frameworks",
					"@loader_path/Frameworks",
				);
				PRODUCT_BUNDLE_IDENTIFIER = "longht.021189.ios-learningTests";
				PRODUCT_NAME = "$(TARGET_NAME)";
				SWIFT_VERSION = 5.0;
				TARGETED_DEVICE_FAMILY = "1,2";
				TEST_HOST = "$(BUILT_PRODUCTS_DIR)/ios_learning.app/ios_learning";
			};
			name = Debug;
		};
		FEB8234B24EAD9E7008FEDB6 /* Release */ = {
			isa = XCBuildConfiguration;
			buildSettings = {
				ALWAYS_EMBED_SWIFT_STANDARD_LIBRARIES = YES;
				BUNDLE_LOADER = "$(TEST_HOST)";
				CODE_SIGN_STYLE = Automatic;
				INFOPLIST_FILE = ios_learningTests/Info.plist;
				IPHONEOS_DEPLOYMENT_TARGET = 13.6;
				LD_RUNPATH_SEARCH_PATHS = (
					"$(inherited)",
					"@executable_path/Frameworks",
					"@loader_path/Frameworks",
				);
				PRODUCT_BUNDLE_IDENTIFIER = "longht.021189.ios-learningTests";
				PRODUCT_NAME = "$(TARGET_NAME)";
				SWIFT_VERSION = 5.0;
				TARGETED_DEVICE_FAMILY = "1,2";
				TEST_HOST = "$(BUILT_PRODUCTS_DIR)/ios_learning.app/ios_learning";
			};
			name = Release;
		};
		FEB8234D24EAD9E7008FEDB6 /* Debug */ = {
			isa = XCBuildConfiguration;
			buildSettings = {
				ALWAYS_EMBED_SWIFT_STANDARD_LIBRARIES = YES;
				CODE_SIGN_STYLE = Automatic;
				INFOPLIST_FILE = ios_learningUITests/Info.plist;
				LD_RUNPATH_SEARCH_PATHS = (
					"$(inherited)",
					"@executable_path/Frameworks",
					"@loader_path/Frameworks",
				);
				PRODUCT_BUNDLE_IDENTIFIER = "longht.021189.ios-learningUITests";
				PRODUCT_NAME = "$(TARGET_NAME)";
				SWIFT_VERSION = 5.0;
				TARGETED_DEVICE_FAMILY = "1,2";
				TEST_TARGET_NAME = ios_learning;
			};
			name = Debug;
		};
		FEB8234E24EAD9E7008FEDB6 /* Release */ = {
			isa = XCBuildConfiguration;
			buildSettings = {
				ALWAYS_EMBED_SWIFT_STANDARD_LIBRARIES = YES;
				CODE_SIGN_STYLE = Automatic;
				INFOPLIST_FILE = ios_learningUITests/Info.plist;
				LD_RUNPATH_SEARCH_PATHS = (
					"$(inherited)",
					"@executable_path/Frameworks",
					"@loader_path/Frameworks",
				);
				PRODUCT_BUNDLE_IDENTIFIER = "longht.021189.ios-learningUITests";
				PRODUCT_NAME = "$(TARGET_NAME)";
				SWIFT_VERSION = 5.0;
				TARGETED_DEVICE_FAMILY = "1,2";
				TEST_TARGET_NAME = ios_learning;
			};
			name = Release;
		};
/* End XCBuildConfiguration section */

/* Begin XCConfigurationList section */
		FEB8231724EAD9E5008FEDB6 /* Build configuration list for PBXProject "ios_learning" */ = {
			isa = XCConfigurationList;
			buildConfigurations = (
				FEB8234424EAD9E7008FEDB6 /* Debug */,
				FEB8234524EAD9E7008FEDB6 /* Release */,
			);
			defaultConfigurationIsVisible = 0;
			defaultConfigurationName = Release;
		};
		FEB8234624EAD9E7008FEDB6 /* Build configuration list for PBXNativeTarget "ios_learning" */ = {
			isa = XCConfigurationList;
			buildConfigurations = (
				FEB8234724EAD9E7008FEDB6 /* Debug */,
				FEB8234824EAD9E7008FEDB6 /* Release */,
			);
			defaultConfigurationIsVisible = 0;
			defaultConfigurationName = Release;
		};
		FEB8234924EAD9E7008FEDB6 /* Build configuration list for PBXNativeTarget "ios_learningTests" */ = {
			isa = XCConfigurationList;
			buildConfigurations = (
				FEB8234A24EAD9E7008FEDB6 /* Debug */,
				FEB8234B24EAD9E7008FEDB6 /* Release */,
			);
			defaultConfigurationIsVisible = 0;
			defaultConfigurationName = Release;
		};
		FEB8234C24EAD9E7008FEDB6 /* Build configuration list for PBXNativeTarget "ios_learningUITests" */ = {
			isa = XCConfigurationList;
			buildConfigurations = (
				FEB8234D24EAD9E7008FEDB6 /* Debug */,
				FEB8234E24EAD9E7008FEDB6 /* Release */,
			);
			defaultConfigurationIsVisible = 0;
			defaultConfigurationName = Release;
		};
/* End XCConfigurationList section */
	};
	rootObject = FEB8231424EAD9E5008FEDB6 /* Project object */;
}
